
Microsoft Visual Studio Solution File, Format Version 12.00
# Visual Studio Version 17
VisualStudioVersion = 17.5.002.0
MinimumVisualStudioVersion = 10.0.40219.1
Project("{2150E333-8FDC-42A3-9474-1A3956D46DE8}") = "API", "API", "{F70D700A-9BF7-4B2E-8844-96BB682E75CB}"
EndProject
Project("{9A19103F-16F7-4668-BE54-9A1E7A4F7556}") = "TodoApi", "API\TodoApi\TodoApi.csproj", "{C6263930-5689-4A03-A5C1-924777C67D8D}"
EndProject
Global
	GlobalSection(SolutionConfigurationPlatforms) = preSolution
		Debug|Any CPU = Debug|Any CPU
		Release|Any CPU = Release|Any CPU
	EndGlobalSection
	GlobalSection(ProjectConfigurationPlatforms) = postSolution
		{C6263930-5689-4A03-A5C1-924777C67D8D}.Debug|Any CPU.ActiveCfg = Debug|Any CPU
		{C6263930-5689-4A03-A5C1-924777C67D8D}.Debug|Any CPU.Build.0 = Debug|Any CPU
		{C6263930-5689-4A03-A5C1-924777C67D8D}.Release|Any CPU.ActiveCfg = Release|Any CPU
		{C6263930-5689-4A03-A5C1-924777C67D8D}.Release|Any CPU.Build.0 = Release|Any CPU
	EndGlobalSection
	GlobalSection(SolutionProperties) = preSolution
		HideSolutionNode = FALSE
	EndGlobalSection
	GlobalSection(NestedProjects) = preSolution
		{C6263930-5689-4A03-A5C1-924777C67D8D} = {F70D700A-9BF7-4B2E-8844-96BB682E75CB}
	EndGlobalSection
	GlobalSection(ExtensibilityGlobals) = postSolution
		SolutionGuid = {F33D6D01-2D53-4936-B873-BF70896A3282}
	EndGlobalSection
EndGlobal
